
Microsoft Visual Studio Solution File, Format Version 12.00
# Visual Studio Version 17
VisualStudioVersion = 17.9.34728.123
MinimumVisualStudioVersion = 10.0.40219.1
Project("{FAE04EC0-301F-11D3-BF4B-00C04F79EFBC}") = "NetChallange.API", "Net_Challange\NetChallange.API.csproj", "{4FAD3439-7452-420C-9C30-FAFEF6673CFA}"
EndProject
Project("{FAE04EC0-301F-11D3-BF4B-00C04F79EFBC}") = "NetChallange.Core", "CoreLayer\NetChallange.Core.csproj", "{1B71E3AA-87B0-4452-A988-1EC698F65707}"
EndProject
Project("{FAE04EC0-301F-11D3-BF4B-00C04F79EFBC}") = "NetChallange.Application", "NetChallange.Application\NetChallange.Application.csproj", "{8E3CE163-FC27-4BC4-AFBF-82A3295A109F}"
EndProject
Project("{FAE04EC0-301F-11D3-BF4B-00C04F79EFBC}") = "NetChallange.Infrastructure", "NetChallange.Infrastructure\NetChallange.Infrastructure.csproj", "{C343ECCE-ACAA-4B6A-91CE-CA3F8AEE9067}"
EndProject
Global
	GlobalSection(SolutionConfigurationPlatforms) = preSolution
		Debug|Any CPU = Debug|Any CPU
		Release|Any CPU = Release|Any CPU
	EndGlobalSection
	GlobalSection(ProjectConfigurationPlatforms) = postSolution
		{4FAD3439-7452-420C-9C30-FAFEF6673CFA}.Debug|Any CPU.ActiveCfg = Debug|Any CPU
		{4FAD3439-7452-420C-9C30-FAFEF6673CFA}.Debug|Any CPU.Build.0 = Debug|Any CPU
		{4FAD3439-7452-420C-9C30-FAFEF6673CFA}.Release|Any CPU.ActiveCfg = Release|Any CPU
		{4FAD3439-7452-420C-9C30-FAFEF6673CFA}.Release|Any CPU.Build.0 = Release|Any CPU
		{1B71E3AA-87B0-4452-A988-1EC698F65707}.Debug|Any CPU.ActiveCfg = Debug|Any CPU
		{1B71E3AA-87B0-4452-A988-1EC698F65707}.Debug|Any CPU.Build.0 = Debug|Any CPU
		{1B71E3AA-87B0-4452-A988-1EC698F65707}.Release|Any CPU.ActiveCfg = Release|Any CPU
		{1B71E3AA-87B0-4452-A988-1EC698F65707}.Release|Any CPU.Build.0 = Release|Any CPU
		{8E3CE163-FC27-4BC4-AFBF-82A3295A109F}.Debug|Any CPU.ActiveCfg = Debug|Any CPU
		{8E3CE163-FC27-4BC4-AFBF-82A3295A109F}.Debug|Any CPU.Build.0 = Debug|Any CPU
		{8E3CE163-FC27-4BC4-AFBF-82A3295A109F}.Release|Any CPU.ActiveCfg = Release|Any CPU
		{8E3CE163-FC27-4BC4-AFBF-82A3295A109F}.Release|Any CPU.Build.0 = Release|Any CPU
		{C343ECCE-ACAA-4B6A-91CE-CA3F8AEE9067}.Debug|Any CPU.ActiveCfg = Debug|Any CPU
		{C343ECCE-ACAA-4B6A-91CE-CA3F8AEE9067}.Debug|Any CPU.Build.0 = Debug|Any CPU
		{C343ECCE-ACAA-4B6A-91CE-CA3F8AEE9067}.Release|Any CPU.ActiveCfg = Release|Any CPU
		{C343ECCE-ACAA-4B6A-91CE-CA3F8AEE9067}.Release|Any CPU.Build.0 = Release|Any CPU
	EndGlobalSection
	GlobalSection(SolutionProperties) = preSolution
		HideSolutionNode = FALSE
	EndGlobalSection
	GlobalSection(ExtensibilityGlobals) = postSolution
		SolutionGuid = {8FD2B95A-9B74-4C91-94CE-A3516900B887}
	EndGlobalSection
EndGlobal
